// !$*UTF8*$!
{
	archiveVersion = 1;
	classes = {
	};
	objectVersion = 56;
	objects = {

/* Begin PBXBuildFile section */
		B917415329B8E2FA00E052DC /* TaskTableViewCell.swift in Sources */ = {isa = PBXBuildFile; fileRef = B917415229B8E2FA00E052DC /* TaskTableViewCell.swift */; };
		B94B64DE29BA004800456AB8 /* TagsBoxView.swift in Sources */ = {isa = PBXBuildFile; fileRef = B94B64DD29BA004800456AB8 /* TagsBoxView.swift */; };
		B97F6F6029B8B403007D609E /* AppDelegate.swift in Sources */ = {isa = PBXBuildFile; fileRef = B97F6F5F29B8B403007D609E /* AppDelegate.swift */; };
		B97F6F6229B8B403007D609E /* SceneDelegate.swift in Sources */ = {isa = PBXBuildFile; fileRef = B97F6F6129B8B403007D609E /* SceneDelegate.swift */; };
		B97F6F6429B8B403007D609E /* TaskListVC.swift in Sources */ = {isa = PBXBuildFile; fileRef = B97F6F6329B8B403007D609E /* TaskListVC.swift */; };
		B97F6F6729B8B403007D609E /* Main.storyboard in Resources */ = {isa = PBXBuildFile; fileRef = B97F6F6529B8B403007D609E /* Main.storyboard */; };
		B97F6F6929B8B404007D609E /* Assets.xcassets in Resources */ = {isa = PBXBuildFile; fileRef = B97F6F6829B8B404007D609E /* Assets.xcassets */; };
		B97F6F7629B8B524007D609E /* TaskListView.swift in Sources */ = {isa = PBXBuildFile; fileRef = B97F6F7529B8B524007D609E /* TaskListView.swift */; };
		B97F6F7929B8B878007D609E /* NewTaskVC.swift in Sources */ = {isa = PBXBuildFile; fileRef = B97F6F7829B8B878007D609E /* NewTaskVC.swift */; };
		B97F6F7C29B8B88A007D609E /* NewTaskView.swift in Sources */ = {isa = PBXBuildFile; fileRef = B97F6F7B29B8B88A007D609E /* NewTaskView.swift */; };
		B9A99BC429DF0ADA00230F95 /* TagsTableViewCell.swift in Sources */ = {isa = PBXBuildFile; fileRef = B9A99BC329DF0ADA00230F95 /* TagsTableViewCell.swift */; };
		B9DCE56629DBA19900BA702C /* ToDoIt.xcdatamodeld in Sources */ = {isa = PBXBuildFile; fileRef = B9DCE56429DBA19900BA702C /* ToDoIt.xcdatamodeld */; };
		B9DCE56C29DBA2CD00BA702C /* DataManager.swift in Sources */ = {isa = PBXBuildFile; fileRef = B9DCE56B29DBA2CD00BA702C /* DataManager.swift */; };
		B9E3372629F2A6DF00D5D70D /* ToDoItem+CoreDataClass.swift in Sources */ = {isa = PBXBuildFile; fileRef = B9E3372429F2A6DF00D5D70D /* ToDoItem+CoreDataClass.swift */; };
		B9E3372729F2A6DF00D5D70D /* ToDoItem+CoreDataProperties.swift in Sources */ = {isa = PBXBuildFile; fileRef = B9E3372529F2A6DF00D5D70D /* ToDoItem+CoreDataProperties.swift */; };
/* End PBXBuildFile section */

/* Begin PBXFileReference section */
		B917415229B8E2FA00E052DC /* TaskTableViewCell.swift */ = {isa = PBXFileReference; lastKnownFileType = sourcecode.swift; path = TaskTableViewCell.swift; sourceTree = "<group>"; };
		B94B64DD29BA004800456AB8 /* TagsBoxView.swift */ = {isa = PBXFileReference; lastKnownFileType = sourcecode.swift; path = TagsBoxView.swift; sourceTree = "<group>"; };
		B97F6F5C29B8B403007D609E /* ToDoIt.app */ = {isa = PBXFileReference; explicitFileType = wrapper.application; includeInIndex = 0; path = ToDoIt.app; sourceTree = BUILT_PRODUCTS_DIR; };
		B97F6F5F29B8B403007D609E /* AppDelegate.swift */ = {isa = PBXFileReference; lastKnownFileType = sourcecode.swift; path = AppDelegate.swift; sourceTree = "<group>"; };
		B97F6F6129B8B403007D609E /* SceneDelegate.swift */ = {isa = PBXFileReference; lastKnownFileType = sourcecode.swift; path = SceneDelegate.swift; sourceTree = "<group>"; };
		B97F6F6329B8B403007D609E /* TaskListVC.swift */ = {isa = PBXFileReference; lastKnownFileType = sourcecode.swift; path = TaskListVC.swift; sourceTree = "<group>"; };
		B97F6F6629B8B403007D609E /* Base */ = {isa = PBXFileReference; lastKnownFileType = file.storyboard; name = Base; path = Base.lproj/Main.storyboard; sourceTree = "<group>"; };
		B97F6F6829B8B404007D609E /* Assets.xcassets */ = {isa = PBXFileReference; lastKnownFileType = folder.assetcatalog; path = Assets.xcassets; sourceTree = "<group>"; };
		B97F6F6D29B8B404007D609E /* Info.plist */ = {isa = PBXFileReference; lastKnownFileType = text.plist.xml; path = Info.plist; sourceTree = "<group>"; };
		B97F6F7529B8B524007D609E /* TaskListView.swift */ = {isa = PBXFileReference; lastKnownFileType = sourcecode.swift; path = TaskListView.swift; sourceTree = "<group>"; };
		B97F6F7829B8B878007D609E /* NewTaskVC.swift */ = {isa = PBXFileReference; lastKnownFileType = sourcecode.swift; path = NewTaskVC.swift; sourceTree = "<group>"; };
		B97F6F7B29B8B88A007D609E /* NewTaskView.swift */ = {isa = PBXFileReference; lastKnownFileType = sourcecode.swift; path = NewTaskView.swift; sourceTree = "<group>"; };
		B9A99BC329DF0ADA00230F95 /* TagsTableViewCell.swift */ = {isa = PBXFileReference; lastKnownFileType = sourcecode.swift; path = TagsTableViewCell.swift; sourceTree = "<group>"; };
		B9DCE56529DBA19900BA702C /* ToDoIt.xcdatamodel */ = {isa = PBXFileReference; lastKnownFileType = wrapper.xcdatamodel; path = ToDoIt.xcdatamodel; sourceTree = "<group>"; };
		B9DCE56B29DBA2CD00BA702C /* DataManager.swift */ = {isa = PBXFileReference; lastKnownFileType = sourcecode.swift; path = DataManager.swift; sourceTree = "<group>"; };
		B9E3372429F2A6DF00D5D70D /* ToDoItem+CoreDataClass.swift */ = {isa = PBXFileReference; lastKnownFileType = sourcecode.swift; path = "ToDoItem+CoreDataClass.swift"; sourceTree = "<group>"; };
		B9E3372529F2A6DF00D5D70D /* ToDoItem+CoreDataProperties.swift */ = {isa = PBXFileReference; lastKnownFileType = sourcecode.swift; path = "ToDoItem+CoreDataProperties.swift"; sourceTree = "<group>"; };
/* End PBXFileReference section */

/* Begin PBXFrameworksBuildPhase section */
		B97F6F5929B8B403007D609E /* Frameworks */ = {
			isa = PBXFrameworksBuildPhase;
			buildActionMask = 2147483647;
			files = (
			);
			runOnlyForDeploymentPostprocessing = 0;
		};
/* End PBXFrameworksBuildPhase section */

/* Begin PBXGroup section */
		B917415629B8E4DA00E052DC /* Data */ = {
			isa = PBXGroup;
			children = (
				B9DCE56429DBA19900BA702C /* ToDoIt.xcdatamodeld */,
				B9DCE56B29DBA2CD00BA702C /* DataManager.swift */,
			);
			path = Data;
			sourceTree = "<group>";
		};
		B97F6F5329B8B403007D609E = {
			isa = PBXGroup;
			children = (
				B9E3372429F2A6DF00D5D70D /* ToDoItem+CoreDataClass.swift */,
				B9E3372529F2A6DF00D5D70D /* ToDoItem+CoreDataProperties.swift */,
				B97F6F5E29B8B403007D609E /* ToDoIt */,
				B97F6F5D29B8B403007D609E /* Products */,
			);
			sourceTree = "<group>";
		};
		B97F6F5D29B8B403007D609E /* Products */ = {
			isa = PBXGroup;
			children = (
				B97F6F5C29B8B403007D609E /* ToDoIt.app */,
			);
			name = Products;
			sourceTree = "<group>";
		};
		B97F6F5E29B8B403007D609E /* ToDoIt */ = {
			isa = PBXGroup;
			children = (
				B917415629B8E4DA00E052DC /* Data */,
				B97F6F7329B8B431007D609E /* VC */,
				B97F6F7429B8B436007D609E /* View */,
				B97F6F5F29B8B403007D609E /* AppDelegate.swift */,
				B97F6F6129B8B403007D609E /* SceneDelegate.swift */,
				B97F6F6529B8B403007D609E /* Main.storyboard */,
				B97F6F6829B8B404007D609E /* Assets.xcassets */,
				B97F6F6D29B8B404007D609E /* Info.plist */,
			);
			path = ToDoIt;
			sourceTree = "<group>";
		};
		B97F6F7329B8B431007D609E /* VC */ = {
			isa = PBXGroup;
			children = (
				B97F6F6329B8B403007D609E /* TaskListVC.swift */,
				B97F6F7829B8B878007D609E /* NewTaskVC.swift */,
			);
			path = VC;
			sourceTree = "<group>";
		};
		B97F6F7429B8B436007D609E /* View */ = {
			isa = PBXGroup;
			children = (
				B97F6F7529B8B524007D609E /* TaskListView.swift */,
				B97F6F7B29B8B88A007D609E /* NewTaskView.swift */,
				B917415229B8E2FA00E052DC /* TaskTableViewCell.swift */,
				B94B64DD29BA004800456AB8 /* TagsBoxView.swift */,
				B9A99BC329DF0ADA00230F95 /* TagsTableViewCell.swift */,
			);
			path = View;
			sourceTree = "<group>";
		};
/* End PBXGroup section */

/* Begin PBXNativeTarget section */
		B97F6F5B29B8B403007D609E /* ToDoIt */ = {
			isa = PBXNativeTarget;
			buildConfigurationList = B97F6F7029B8B404007D609E /* Build configuration list for PBXNativeTarget "ToDoIt" */;
			buildPhases = (
				B97F6F5829B8B403007D609E /* Sources */,
				B97F6F5929B8B403007D609E /* Frameworks */,
				B97F6F5A29B8B403007D609E /* Resources */,
				B97F6F7729B8B7E9007D609E /* Display Warnings for TODOs and FIXMEs */,
			);
			buildRules = (
			);
			dependencies = (
			);
			name = ToDoIt;
			productName = ToDoIt;
			productReference = B97F6F5C29B8B403007D609E /* ToDoIt.app */;
			productType = "com.apple.product-type.application";
		};
/* End PBXNativeTarget section */

/* Begin PBXProject section */
		B97F6F5429B8B403007D609E /* Project object */ = {
			isa = PBXProject;
			attributes = {
				BuildIndependentTargetsInParallel = 1;
				LastSwiftUpdateCheck = 1400;
				LastUpgradeCheck = 1400;
				TargetAttributes = {
					B97F6F5B29B8B403007D609E = {
						CreatedOnToolsVersion = 14.0.1;
					};
				};
			};
			buildConfigurationList = B97F6F5729B8B403007D609E /* Build configuration list for PBXProject "ToDoIt" */;
			compatibilityVersion = "Xcode 14.0";
			developmentRegion = en;
			hasScannedForEncodings = 0;
			knownRegions = (
				en,
				Base,
			);
			mainGroup = B97F6F5329B8B403007D609E;
			productRefGroup = B97F6F5D29B8B403007D609E /* Products */;
			projectDirPath = "";
			projectRoot = "";
			targets = (
				B97F6F5B29B8B403007D609E /* ToDoIt */,
			);
		};
/* End PBXProject section */

/* Begin PBXResourcesBuildPhase section */
		B97F6F5A29B8B403007D609E /* Resources */ = {
			isa = PBXResourcesBuildPhase;
			buildActionMask = 2147483647;
			files = (
				B97F6F6929B8B404007D609E /* Assets.xcassets in Resources */,
				B97F6F6729B8B403007D609E /* Main.storyboard in Resources */,
			);
			runOnlyForDeploymentPostprocessing = 0;
		};
/* End PBXResourcesBuildPhase section */

/* Begin PBXShellScriptBuildPhase section */
		B97F6F7729B8B7E9007D609E /* Display Warnings for TODOs and FIXMEs */ = {
			isa = PBXShellScriptBuildPhase;
			alwaysOutOfDate = 1;
			buildActionMask = 2147483647;
			files = (
			);
			inputFileListPaths = (
			);
			inputPaths = (
			);
			name = "Display Warnings for TODOs and FIXMEs";
			outputFileListPaths = (
			);
			outputPaths = (
			);
			runOnlyForDeploymentPostprocessing = 0;
			shellPath = /bin/sh;
			shellScript = "# Type a script or drag a script file from your workspace to insert its path.\nTAGS=\"TODO:|FIXME:|WARNING:\"\nERRORTAG=\"ERROR:\"\nfind \"${SRCROOT}\" \\( -name \"*.h\" -or -name \"*.m\" -or -name \"*.swift\" \\) -print0 | xargs -0 egrep --with-filename --line-number --only-matching \"($TAGS).*\\$|($ERRORTAG).*\\$\" | perl -p -e \"s/($TAGS)/ warning: \\$1/\"| perl -p -e \"s/($ERRORTAG)/ error: \\$1/\"\n";
		};
/* End PBXShellScriptBuildPhase section */

/* Begin PBXSourcesBuildPhase section */
		B97F6F5829B8B403007D609E /* Sources */ = {
			isa = PBXSourcesBuildPhase;
			buildActionMask = 2147483647;
			files = (
				B917415329B8E2FA00E052DC /* TaskTableViewCell.swift in Sources */,
				B97F6F6429B8B403007D609E /* TaskListVC.swift in Sources */,
				B97F6F7629B8B524007D609E /* TaskListView.swift in Sources */,
				B97F6F7C29B8B88A007D609E /* NewTaskView.swift in Sources */,
				B97F6F7929B8B878007D609E /* NewTaskVC.swift in Sources */,
				B94B64DE29BA004800456AB8 /* TagsBoxView.swift in Sources */,
				B97F6F6029B8B403007D609E /* AppDelegate.swift in Sources */,
				B9DCE56629DBA19900BA702C /* ToDoIt.xcdatamodeld in Sources */,
				B9DCE56C29DBA2CD00BA702C /* DataManager.swift in Sources */,
				B9E3372729F2A6DF00D5D70D /* ToDoItem+CoreDataProperties.swift in Sources */,
				B9E3372629F2A6DF00D5D70D /* ToDoItem+CoreDataClass.swift in Sources */,
				B9A99BC429DF0ADA00230F95 /* TagsTableViewCell.swift in Sources */,
				B97F6F6229B8B403007D609E /* SceneDelegate.swift in Sources */,
			);
			runOnlyForDeploymentPostprocessing = 0;
		};
/* End PBXSourcesBuildPhase section */

/* Begin PBXVariantGroup section */
		B97F6F6529B8B403007D609E /* Main.storyboard */ = {
			isa = PBXVariantGroup;
			children = (
				B97F6F6629B8B403007D609E /* Base */,
			);
			name = Main.storyboard;
			sourceTree = "<group>";
		};
/* End PBXVariantGroup section */

/* Begin XCBuildConfiguration section */
		B97F6F6E29B8B404007D609E /* Debug */ = {
			isa = XCBuildConfiguration;
			buildSettings = {
				ALWAYS_SEARCH_USER_PATHS = NO;
				CLANG_ANALYZER_NONNULL = YES;
				CLANG_ANALYZER_NUMBER_OBJECT_CONVERSION = YES_AGGRESSIVE;
				CLANG_CXX_LANGUAGE_STANDARD = "gnu++20";
				CLANG_ENABLE_MODULES = YES;
				CLANG_ENABLE_OBJC_ARC = YES;
				CLANG_ENABLE_OBJC_WEAK = YES;
				CLANG_WARN_BLOCK_CAPTURE_AUTORELEASING = YES;
				CLANG_WARN_BOOL_CONVERSION = YES;
				CLANG_WARN_COMMA = YES;
				CLANG_WARN_CONSTANT_CONVERSION = YES;
				CLANG_WARN_DEPRECATED_OBJC_IMPLEMENTATIONS = YES;
				CLANG_WARN_DIRECT_OBJC_ISA_USAGE = YES_ERROR;
				CLANG_WARN_DOCUMENTATION_COMMENTS = YES;
				CLANG_WARN_EMPTY_BODY = YES;
				CLANG_WARN_ENUM_CONVERSION = YES;
				CLANG_WARN_INFINITE_RECURSION = YES;
				CLANG_WARN_INT_CONVERSION = YES;
				CLANG_WARN_NON_LITERAL_NULL_CONVERSION = YES;
				CLANG_WARN_OBJC_IMPLICIT_RETAIN_SELF = YES;
				CLANG_WARN_OBJC_LITERAL_CONVERSION = YES;
				CLANG_WARN_OBJC_ROOT_CLASS = YES_ERROR;
				CLANG_WARN_QUOTED_INCLUDE_IN_FRAMEWORK_HEADER = YES;
				CLANG_WARN_RANGE_LOOP_ANALYSIS = YES;
				CLANG_WARN_STRICT_PROTOTYPES = YES;
				CLANG_WARN_SUSPICIOUS_MOVE = YES;
				CLANG_WARN_UNGUARDED_AVAILABILITY = YES_AGGRESSIVE;
				CLANG_WARN_UNREACHABLE_CODE = YES;
				CLANG_WARN__DUPLICATE_METHOD_MATCH = YES;
				COPY_PHASE_STRIP = NO;
				DEBUG_INFORMATION_FORMAT = dwarf;
				ENABLE_STRICT_OBJC_MSGSEND = YES;
				ENABLE_TESTABILITY = YES;
				GCC_C_LANGUAGE_STANDARD = gnu11;
				GCC_DYNAMIC_NO_PIC = NO;
				GCC_NO_COMMON_BLOCKS = YES;
				GCC_OPTIMIZATION_LEVEL = 0;
				GCC_PREPROCESSOR_DEFINITIONS = (
					"DEBUG=1",
					"$(inherited)",
				);
				GCC_WARN_64_TO_32_BIT_CONVERSION = YES;
				GCC_WARN_ABOUT_RETURN_TYPE = YES_ERROR;
				GCC_WARN_UNDECLARED_SELECTOR = YES;
				GCC_WARN_UNINITIALIZED_AUTOS = YES_AGGRESSIVE;
				GCC_WARN_UNUSED_FUNCTION = YES;
				GCC_WARN_UNUSED_VARIABLE = YES;
				IPHONEOS_DEPLOYMENT_TARGET = 16.0;
				MTL_ENABLE_DEBUG_INFO = INCLUDE_SOURCE;
				MTL_FAST_MATH = YES;
				ONLY_ACTIVE_ARCH = YES;
				SDKROOT = iphoneos;
				SWIFT_ACTIVE_COMPILATION_CONDITIONS = DEBUG;
				SWIFT_OPTIMIZATION_LEVEL = "-Onone";
			};
			name = Debug;
		};
		B97F6F6F29B8B404007D609E /* Release */ = {
			isa = XCBuildConfiguration;
			buildSettings = {
				ALWAYS_SEARCH_USER_PATHS = NO;
				CLANG_ANALYZER_NONNULL = YES;
				CLANG_ANALYZER_NUMBER_OBJECT_CONVERSION = YES_AGGRESSIVE;
				CLANG_CXX_LANGUAGE_STANDARD = "gnu++20";
				CLANG_ENABLE_MODULES = YES;
				CLANG_ENABLE_OBJC_ARC = YES;
				CLANG_ENABLE_OBJC_WEAK = YES;
				CLANG_WARN_BLOCK_CAPTURE_AUTORELEASING = YES;
				CLANG_WARN_BOOL_CONVERSION = YES;
				CLANG_WARN_COMMA = YES;
				CLANG_WARN_CONSTANT_CONVERSION = YES;
				CLANG_WARN_DEPRECATED_OBJC_IMPLEMENTATIONS = YES;
				CLANG_WARN_DIRECT_OBJC_ISA_USAGE = YES_ERROR;
				CLANG_WARN_DOCUMENTATION_COMMENTS = YES;
				CLANG_WARN_EMPTY_BODY = YES;
				CLANG_WARN_ENUM_CONVERSION = YES;
				CLANG_WARN_INFINITE_RECURSION = YES;
				CLANG_WARN_INT_CONVERSION = YES;
				CLANG_WARN_NON_LITERAL_NULL_CONVERSION = YES;
				CLANG_WARN_OBJC_IMPLICIT_RETAIN_SELF = YES;
				CLANG_WARN_OBJC_LITERAL_CONVERSION = YES;
				CLANG_WARN_OBJC_ROOT_CLASS = YES_ERROR;
				CLANG_WARN_QUOTED_INCLUDE_IN_FRAMEWORK_HEADER = YES;
				CLANG_WARN_RANGE_LOOP_ANALYSIS = YES;
				CLANG_WARN_STRICT_PROTOTYPES = YES;
				CLANG_WARN_SUSPICIOUS_MOVE = YES;
				CLANG_WARN_UNGUARDED_AVAILABILITY = YES_AGGRESSIVE;
				CLANG_WARN_UNREACHABLE_CODE = YES;
				CLANG_WARN__DUPLICATE_METHOD_MATCH = YES;
				COPY_PHASE_STRIP = NO;
				DEBUG_INFORMATION_FORMAT = "dwarf-with-dsym";
				ENABLE_NS_ASSERTIONS = NO;
				ENABLE_STRICT_OBJC_MSGSEND = YES;
				GCC_C_LANGUAGE_STANDARD = gnu11;
				GCC_NO_COMMON_BLOCKS = YES;
				GCC_WARN_64_TO_32_BIT_CONVERSION = YES;
				GCC_WARN_ABOUT_RETURN_TYPE = YES_ERROR;
				GCC_WARN_UNDECLARED_SELECTOR = YES;
				GCC_WARN_UNINITIALIZED_AUTOS = YES_AGGRESSIVE;
				GCC_WARN_UNUSED_FUNCTION = YES;
				GCC_WARN_UNUSED_VARIABLE = YES;
				IPHONEOS_DEPLOYMENT_TARGET = 16.0;
				MTL_ENABLE_DEBUG_INFO = NO;
				MTL_FAST_MATH = YES;
				SDKROOT = iphoneos;
				SWIFT_COMPILATION_MODE = wholemodule;
				SWIFT_OPTIMIZATION_LEVEL = "-O";
				VALIDATE_PRODUCT = YES;
			};
			name = Release;
		};
		B97F6F7129B8B404007D609E /* Debug */ = {
			isa = XCBuildConfiguration;
			buildSettings = {
				ASSETCATALOG_COMPILER_APPICON_NAME = AppIcon;
				ASSETCATALOG_COMPILER_GLOBAL_ACCENT_COLOR_NAME = AccentColor;
				CODE_SIGN_STYLE = Automatic;
				CURRENT_PROJECT_VERSION = 1;
				DEVELOPMENT_TEAM = 794RQQKASN;
				GENERATE_INFOPLIST_FILE = YES;
				INFOPLIST_FILE = ToDoIt/Info.plist;
				INFOPLIST_KEY_UIApplicationSupportsIndirectInputEvents = YES;
				INFOPLIST_KEY_UILaunchStoryboardName = LaunchScreen;
				INFOPLIST_KEY_UISupportedInterfaceOrientations_iPad = "UIInterfaceOrientationPortrait UIInterfaceOrientationPortraitUpsideDown UIInterfaceOrientationLandscapeLeft UIInterfaceOrientationLandscapeRight";
				INFOPLIST_KEY_UISupportedInterfaceOrientations_iPhone = "UIInterfaceOrientationPortrait UIInterfaceOrientationLandscapeLeft UIInterfaceOrientationLandscapeRight";
				LD_RUNPATH_SEARCH_PATHS = (
					"$(inherited)",
					"@executable_path/Frameworks",
				);
				MARKETING_VERSION = 1.0;
				PRODUCT_BUNDLE_IDENTIFIER = me.frey.caroline.ToDoIt;
				PRODUCT_NAME = "$(TARGET_NAME)";
				SWIFT_EMIT_LOC_STRINGS = YES;
				SWIFT_VERSION = 5.0;
				TARGETED_DEVICE_FAMILY = "1,2";
			};
			name = Debug;
		};
		B97F6F7229B8B404007D609E /* Release */ = {
			isa = XCBuildConfiguration;
			buildSettings = {
				ASSETCATALOG_COMPILER_APPICON_NAME = AppIcon;
				ASSETCATALOG_COMPILER_GLOBAL_ACCENT_COLOR_NAME = AccentColor;
				CODE_SIGN_STYLE = Automatic;
				CURRENT_PROJECT_VERSION = 1;
				DEVELOPMENT_TEAM = 794RQQKASN;
				GENERATE_INFOPLIST_FILE = YES;
				INFOPLIST_FILE = ToDoIt/Info.plist;
				INFOPLIST_KEY_UIApplicationSupportsIndirectInputEvents = YES;
				INFOPLIST_KEY_UILaunchStoryboardName = LaunchScreen;
				INFOPLIST_KEY_UISupportedInterfaceOrientations_iPad = "UIInterfaceOrientationPortrait UIInterfaceOrientationPortraitUpsideDown UIInterfaceOrientationLandscapeLeft UIInterfaceOrientationLandscapeRight";
				INFOPLIST_KEY_UISupportedInterfaceOrientations_iPhone = "UIInterfaceOrientationPortrait UIInterfaceOrientationLandscapeLeft UIInterfaceOrientationLandscapeRight";
				LD_RUNPATH_SEARCH_PATHS = (
					"$(inherited)",
					"@executable_path/Frameworks",
				);
				MARKETING_VERSION = 1.0;
				PRODUCT_BUNDLE_IDENTIFIER = me.frey.caroline.ToDoIt;
				PRODUCT_NAME = "$(TARGET_NAME)";
				SWIFT_EMIT_LOC_STRINGS = YES;
				SWIFT_VERSION = 5.0;
				TARGETED_DEVICE_FAMILY = "1,2";
			};
			name = Release;
		};
/* End XCBuildConfiguration section */

/* Begin XCConfigurationList section */
		B97F6F5729B8B403007D609E /* Build configuration list for PBXProject "ToDoIt" */ = {
			isa = XCConfigurationList;
			buildConfigurations = (
				B97F6F6E29B8B404007D609E /* Debug */,
				B97F6F6F29B8B404007D609E /* Release */,
			);
			defaultConfigurationIsVisible = 0;
			defaultConfigurationName = Release;
		};
		B97F6F7029B8B404007D609E /* Build configuration list for PBXNativeTarget "ToDoIt" */ = {
			isa = XCConfigurationList;
			buildConfigurations = (
				B97F6F7129B8B404007D609E /* Debug */,
				B97F6F7229B8B404007D609E /* Release */,
			);
			defaultConfigurationIsVisible = 0;
			defaultConfigurationName = Release;
		};
/* End XCConfigurationList section */

/* Begin XCVersionGroup section */
		B9DCE56429DBA19900BA702C /* ToDoIt.xcdatamodeld */ = {
			isa = XCVersionGroup;
			children = (
				B9DCE56529DBA19900BA702C /* ToDoIt.xcdatamodel */,
			);
			currentVersion = B9DCE56529DBA19900BA702C /* ToDoIt.xcdatamodel */;
			name = ToDoIt.xcdatamodeld;
			path = ../ToDoIt.xcdatamodeld;
			sourceTree = "<group>";
			versionGroupType = wrapper.xcdatamodel;
		};
/* End XCVersionGroup section */
	};
	rootObject = B97F6F5429B8B403007D609E /* Project object */;
}
